// !$*UTF8*$!
{
	archiveVersion = 1;
	classes = {
	};
	objectVersion = 50;
	objects = {

/* Begin PBXBuildFile section */
		38B7E8BA375E723370F18093 /* libPods-wechat.a in Frameworks */ = {isa = PBXBuildFile; fileRef = 379BFF04581F898C39A24746 /* libPods-wechat.a */; };
		A3502E9521DC656A00D09713 /* QORMNumberFormatter.m in Sources */ = {isa = PBXBuildFile; fileRef = A3502E9421DC656A00D09713 /* QORMNumberFormatter.m */; };
		A3502E9821DC664A00D09713 /* QORMHelper.m in Sources */ = {isa = PBXBuildFile; fileRef = A3502E9721DC664A00D09713 /* QORMHelper.m */; };
		A3502E9B21DC67B400D09713 /* QORMDateFormatter.m in Sources */ = {isa = PBXBuildFile; fileRef = A3502E9A21DC67B400D09713 /* QORMDateFormatter.m */; };
		A3502EA421DCA6A400D09713 /* QORMTableSearcher.m in Sources */ = {isa = PBXBuildFile; fileRef = A3502EA321DCA6A300D09713 /* QORMTableSearcher.m */; };
		A3502ED721DE2FD800D09713 /* QTeacherModel.m in Sources */ = {isa = PBXBuildFile; fileRef = A3502ED621DE2FD800D09713 /* QTeacherModel.m */; };
		A3FE73AD21CBC07500A9A3FD /* Assets.xcassets in Resources */ = {isa = PBXBuildFile; fileRef = A3FE73AC21CBC07500A9A3FD /* Assets.xcassets */; };
		A3FE73C021CBC0E900A9A3FD /* main.m in Sources */ = {isa = PBXBuildFile; fileRef = A3FE73BD21CBC0E900A9A3FD /* main.m */; };
		A3FE73C121CBC0E900A9A3FD /* wechatAppDelegate.m in Sources */ = {isa = PBXBuildFile; fileRef = A3FE73BE21CBC0E900A9A3FD /* wechatAppDelegate.m */; };
		F5C0198121D9BB2D00F2CE67 /* QPersonModel.m in Sources */ = {isa = PBXBuildFile; fileRef = F5C0196321D9BB2D00F2CE67 /* QPersonModel.m */; };
		F5C0198221D9BB2D00F2CE67 /* wechatMainPageViewController.m in Sources */ = {isa = PBXBuildFile; fileRef = F5C0196421D9BB2D00F2CE67 /* wechatMainPageViewController.m */; };
		F5C0198321D9BB2D00F2CE67 /* QStudentModel.m in Sources */ = {isa = PBXBuildFile; fileRef = F5C0196521D9BB2D00F2CE67 /* QStudentModel.m */; };
		F5C0198421D9BB2D00F2CE67 /* QORMTableUpdater.m in Sources */ = {isa = PBXBuildFile; fileRef = F5C0196E21D9BB2D00F2CE67 /* QORMTableUpdater.m */; };
		F5C0198521D9BB2D00F2CE67 /* QORMTableDeleter.m in Sources */ = {isa = PBXBuildFile; fileRef = F5C0196F21D9BB2D00F2CE67 /* QORMTableDeleter.m */; };
		F5C0198621D9BB2D00F2CE67 /* QORMProperty.m in Sources */ = {isa = PBXBuildFile; fileRef = F5C0197021D9BB2D00F2CE67 /* QORMProperty.m */; };
		F5C0198721D9BB2D00F2CE67 /* QORMTableCreater.m in Sources */ = {isa = PBXBuildFile; fileRef = F5C0197121D9BB2D00F2CE67 /* QORMTableCreater.m */; };
		F5C0198821D9BB2D00F2CE67 /* QORMTableInserter.m in Sources */ = {isa = PBXBuildFile; fileRef = F5C0197221D9BB2D00F2CE67 /* QORMTableInserter.m */; };
		F5C0198921D9BB2D00F2CE67 /* QORMTableHelper.m in Sources */ = {isa = PBXBuildFile; fileRef = F5C0197321D9BB2D00F2CE67 /* QORMTableHelper.m */; };
		F5C0198A21D9BB2D00F2CE67 /* QORMPropertyParser.m in Sources */ = {isa = PBXBuildFile; fileRef = F5C0197421D9BB2D00F2CE67 /* QORMPropertyParser.m */; };
		F5C0198B21D9BB2D00F2CE67 /* QORMManager.m in Sources */ = {isa = PBXBuildFile; fileRef = F5C0197B21D9BB2D00F2CE67 /* QORMManager.m */; };
		F5C0198C21D9BB2D00F2CE67 /* QFileHandler.m in Sources */ = {isa = PBXBuildFile; fileRef = F5C0197D21D9BB2D00F2CE67 /* QFileHandler.m */; };
		F5C0198D21D9BB2D00F2CE67 /* QORMModel.m in Sources */ = {isa = PBXBuildFile; fileRef = F5C0198021D9BB2D00F2CE67 /* QORMModel.m */; };
/* End PBXBuildFile section */

/* Begin PBXFileReference section */
		379BFF04581F898C39A24746 /* libPods-wechat.a */ = {isa = PBXFileReference; explicitFileType = archive.ar; includeInIndex = 0; path = "libPods-wechat.a"; sourceTree = BUILT_PRODUCTS_DIR; };
		767B5CE2342D1962A677E459 /* Pods-wechat.release.xcconfig */ = {isa = PBXFileReference; includeInIndex = 1; lastKnownFileType = text.xcconfig; name = "Pods-wechat.release.xcconfig"; path = "Pods/Target Support Files/Pods-wechat/Pods-wechat.release.xcconfig"; sourceTree = "<group>"; };
		838D272C9196334E0B69063F /* Pods-wechat.debug.xcconfig */ = {isa = PBXFileReference; includeInIndex = 1; lastKnownFileType = text.xcconfig; name = "Pods-wechat.debug.xcconfig"; path = "Pods/Target Support Files/Pods-wechat/Pods-wechat.debug.xcconfig"; sourceTree = "<group>"; };
		A3502E9321DC656A00D09713 /* QORMNumberFormatter.h */ = {isa = PBXFileReference; lastKnownFileType = sourcecode.c.h; path = QORMNumberFormatter.h; sourceTree = "<group>"; };
		A3502E9421DC656A00D09713 /* QORMNumberFormatter.m */ = {isa = PBXFileReference; lastKnownFileType = sourcecode.c.objc; path = QORMNumberFormatter.m; sourceTree = "<group>"; };
		A3502E9621DC664A00D09713 /* QORMHelper.h */ = {isa = PBXFileReference; lastKnownFileType = sourcecode.c.h; path = QORMHelper.h; sourceTree = "<group>"; };
		A3502E9721DC664A00D09713 /* QORMHelper.m */ = {isa = PBXFileReference; lastKnownFileType = sourcecode.c.objc; path = QORMHelper.m; sourceTree = "<group>"; };
		A3502E9921DC67B400D09713 /* QORMDateFormatter.h */ = {isa = PBXFileReference; lastKnownFileType = sourcecode.c.h; path = QORMDateFormatter.h; sourceTree = "<group>"; };
		A3502E9A21DC67B400D09713 /* QORMDateFormatter.m */ = {isa = PBXFileReference; lastKnownFileType = sourcecode.c.objc; path = QORMDateFormatter.m; sourceTree = "<group>"; };
		A3502EA221DCA6A300D09713 /* QORMTableSearcher.h */ = {isa = PBXFileReference; fileEncoding = 4; lastKnownFileType = sourcecode.c.h; path = QORMTableSearcher.h; sourceTree = "<group>"; };
		A3502EA321DCA6A300D09713 /* QORMTableSearcher.m */ = {isa = PBXFileReference; fileEncoding = 4; lastKnownFileType = sourcecode.c.objc; path = QORMTableSearcher.m; sourceTree = "<group>"; };
		A3502ED521DE2FD800D09713 /* QTeacherModel.h */ = {isa = PBXFileReference; lastKnownFileType = sourcecode.c.h; path = QTeacherModel.h; sourceTree = "<group>"; };
		A3502ED621DE2FD800D09713 /* QTeacherModel.m */ = {isa = PBXFileReference; lastKnownFileType = sourcecode.c.objc; path = QTeacherModel.m; sourceTree = "<group>"; };
		A3FE73A021CBC07400A9A3FD /* wechat.app */ = {isa = PBXFileReference; explicitFileType = wrapper.application; includeInIndex = 0; path = wechat.app; sourceTree = BUILT_PRODUCTS_DIR; };
		A3FE73AC21CBC07500A9A3FD /* Assets.xcassets */ = {isa = PBXFileReference; lastKnownFileType = folder.assetcatalog; path = Assets.xcassets; sourceTree = "<group>"; };
		A3FE73BC21CBC0E900A9A3FD /* wechatAppDelegate.h */ = {isa = PBXFileReference; fileEncoding = 4; lastKnownFileType = sourcecode.c.h; path = wechatAppDelegate.h; sourceTree = "<group>"; };
		A3FE73BD21CBC0E900A9A3FD /* main.m */ = {isa = PBXFileReference; fileEncoding = 4; lastKnownFileType = sourcecode.c.objc; path = main.m; sourceTree = "<group>"; };
		A3FE73BE21CBC0E900A9A3FD /* wechatAppDelegate.m */ = {isa = PBXFileReference; fileEncoding = 4; lastKnownFileType = sourcecode.c.objc; path = wechatAppDelegate.m; sourceTree = "<group>"; };
		A3FE73BF21CBC0E900A9A3FD /* Info.plist */ = {isa = PBXFileReference; fileEncoding = 4; lastKnownFileType = text.plist.xml; path = Info.plist; sourceTree = "<group>"; };
		F5C0196321D9BB2D00F2CE67 /* QPersonModel.m */ = {isa = PBXFileReference; fileEncoding = 4; lastKnownFileType = sourcecode.c.objc; path = QPersonModel.m; sourceTree = "<group>"; };
		F5C0196421D9BB2D00F2CE67 /* wechatMainPageViewController.m */ = {isa = PBXFileReference; fileEncoding = 4; lastKnownFileType = sourcecode.c.objc; path = wechatMainPageViewController.m; sourceTree = "<group>"; };
		F5C0196521D9BB2D00F2CE67 /* QStudentModel.m */ = {isa = PBXFileReference; fileEncoding = 4; lastKnownFileType = sourcecode.c.objc; path = QStudentModel.m; sourceTree = "<group>"; };
		F5C0196621D9BB2D00F2CE67 /* QPersonModel.h */ = {isa = PBXFileReference; fileEncoding = 4; lastKnownFileType = sourcecode.c.h; path = QPersonModel.h; sourceTree = "<group>"; };
		F5C0196721D9BB2D00F2CE67 /* wechatMainPageViewController.h */ = {isa = PBXFileReference; fileEncoding = 4; lastKnownFileType = sourcecode.c.h; path = wechatMainPageViewController.h; sourceTree = "<group>"; };
		F5C0196821D9BB2D00F2CE67 /* QStudentModel.h */ = {isa = PBXFileReference; fileEncoding = 4; lastKnownFileType = sourcecode.c.h; path = QStudentModel.h; sourceTree = "<group>"; };
		F5C0196C21D9BB2D00F2CE67 /* QORMPropertyParser.h */ = {isa = PBXFileReference; fileEncoding = 4; lastKnownFileType = sourcecode.c.h; path = QORMPropertyParser.h; sourceTree = "<group>"; };
		F5C0196D21D9BB2D00F2CE67 /* QORMTableHelper.h */ = {isa = PBXFileReference; fileEncoding = 4; lastKnownFileType = sourcecode.c.h; path = QORMTableHelper.h; sourceTree = "<group>"; };
		F5C0196E21D9BB2D00F2CE67 /* QORMTableUpdater.m */ = {isa = PBXFileReference; fileEncoding = 4; lastKnownFileType = sourcecode.c.objc; path = QORMTableUpdater.m; sourceTree = "<group>"; };
		F5C0196F21D9BB2D00F2CE67 /* QORMTableDeleter.m */ = {isa = PBXFileReference; fileEncoding = 4; lastKnownFileType = sourcecode.c.objc; path = QORMTableDeleter.m; sourceTree = "<group>"; };
		F5C0197021D9BB2D00F2CE67 /* QORMProperty.m */ = {isa = PBXFileReference; fileEncoding = 4; lastKnownFileType = sourcecode.c.objc; path = QORMProperty.m; sourceTree = "<group>"; };
		F5C0197121D9BB2D00F2CE67 /* QORMTableCreater.m */ = {isa = PBXFileReference; fileEncoding = 4; lastKnownFileType = sourcecode.c.objc; path = QORMTableCreater.m; sourceTree = "<group>"; };
		F5C0197221D9BB2D00F2CE67 /* QORMTableInserter.m */ = {isa = PBXFileReference; fileEncoding = 4; lastKnownFileType = sourcecode.c.objc; path = QORMTableInserter.m; sourceTree = "<group>"; };
		F5C0197321D9BB2D00F2CE67 /* QORMTableHelper.m */ = {isa = PBXFileReference; fileEncoding = 4; lastKnownFileType = sourcecode.c.objc; path = QORMTableHelper.m; sourceTree = "<group>"; };
		F5C0197421D9BB2D00F2CE67 /* QORMPropertyParser.m */ = {isa = PBXFileReference; fileEncoding = 4; lastKnownFileType = sourcecode.c.objc; path = QORMPropertyParser.m; sourceTree = "<group>"; };
		F5C0197521D9BB2D00F2CE67 /* QORMTableDeleter.h */ = {isa = PBXFileReference; fileEncoding = 4; lastKnownFileType = sourcecode.c.h; path = QORMTableDeleter.h; sourceTree = "<group>"; };
		F5C0197621D9BB2D00F2CE67 /* QORMProperty.h */ = {isa = PBXFileReference; fileEncoding = 4; lastKnownFileType = sourcecode.c.h; path = QORMProperty.h; sourceTree = "<group>"; };
		F5C0197721D9BB2D00F2CE67 /* QORMTableUpdater.h */ = {isa = PBXFileReference; fileEncoding = 4; lastKnownFileType = sourcecode.c.h; path = QORMTableUpdater.h; sourceTree = "<group>"; };
		F5C0197821D9BB2D00F2CE67 /* QORMTableInserter.h */ = {isa = PBXFileReference; fileEncoding = 4; lastKnownFileType = sourcecode.c.h; path = QORMTableInserter.h; sourceTree = "<group>"; };
		F5C0197921D9BB2D00F2CE67 /* QORMTableCreater.h */ = {isa = PBXFileReference; fileEncoding = 4; lastKnownFileType = sourcecode.c.h; path = QORMTableCreater.h; sourceTree = "<group>"; };
		F5C0197A21D9BB2D00F2CE67 /* QORMModel.h */ = {isa = PBXFileReference; fileEncoding = 4; lastKnownFileType = sourcecode.c.h; path = QORMModel.h; sourceTree = "<group>"; };
		F5C0197B21D9BB2D00F2CE67 /* QORMManager.m */ = {isa = PBXFileReference; fileEncoding = 4; lastKnownFileType = sourcecode.c.objc; path = QORMManager.m; sourceTree = "<group>"; };
		F5C0197D21D9BB2D00F2CE67 /* QFileHandler.m */ = {isa = PBXFileReference; fileEncoding = 4; lastKnownFileType = sourcecode.c.objc; path = QFileHandler.m; sourceTree = "<group>"; };
		F5C0197E21D9BB2D00F2CE67 /* QFileHandler.h */ = {isa = PBXFileReference; fileEncoding = 4; lastKnownFileType = sourcecode.c.h; path = QFileHandler.h; sourceTree = "<group>"; };
		F5C0197F21D9BB2D00F2CE67 /* QORMManager.h */ = {isa = PBXFileReference; fileEncoding = 4; lastKnownFileType = sourcecode.c.h; path = QORMManager.h; sourceTree = "<group>"; };
		F5C0198021D9BB2D00F2CE67 /* QORMModel.m */ = {isa = PBXFileReference; fileEncoding = 4; lastKnownFileType = sourcecode.c.objc; path = QORMModel.m; sourceTree = "<group>"; };
/* End PBXFileReference section */

/* Begin PBXFrameworksBuildPhase section */
		A3FE739D21CBC07400A9A3FD /* Frameworks */ = {
			isa = PBXFrameworksBuildPhase;
			buildActionMask = 2147483647;
			files = (
				38B7E8BA375E723370F18093 /* libPods-wechat.a in Frameworks */,
			);
			runOnlyForDeploymentPostprocessing = 0;
		};
/* End PBXFrameworksBuildPhase section */

/* Begin PBXGroup section */
		2B0832C0FB3C24BEA3958752 /* Pods */ = {
			isa = PBXGroup;
			children = (
				838D272C9196334E0B69063F /* Pods-wechat.debug.xcconfig */,
				767B5CE2342D1962A677E459 /* Pods-wechat.release.xcconfig */,
			);
			name = Pods;
			sourceTree = "<group>";
		};
		A3FE739721CBC07400A9A3FD = {
			isa = PBXGroup;
			children = (
				A3FE73A221CBC07400A9A3FD /* wechat */,
				A3FE73A121CBC07400A9A3FD /* Products */,
				2B0832C0FB3C24BEA3958752 /* Pods */,
				ABBDC07DAC1ED4681841C0F9 /* Frameworks */,
			);
			sourceTree = "<group>";
		};
		A3FE73A121CBC07400A9A3FD /* Products */ = {
			isa = PBXGroup;
			children = (
				A3FE73A021CBC07400A9A3FD /* wechat.app */,
			);
			name = Products;
			sourceTree = "<group>";
		};
		A3FE73A221CBC07400A9A3FD /* wechat */ = {
			isa = PBXGroup;
			children = (
				F5C0196121D9BB2D00F2CE67 /* Classes */,
				F5C0195021D9BA7100F2CE67 /* Resources */,
				A3FE73BB21CBC0E900A9A3FD /* Support */,
				A3FE73AC21CBC07500A9A3FD /* Assets.xcassets */,
			);
			path = wechat;
			sourceTree = "<group>";
		};
		A3FE73BB21CBC0E900A9A3FD /* Support */ = {
			isa = PBXGroup;
			children = (
				A3FE73BC21CBC0E900A9A3FD /* wechatAppDelegate.h */,
				A3FE73BE21CBC0E900A9A3FD /* wechatAppDelegate.m */,
				A3FE73BD21CBC0E900A9A3FD /* main.m */,
				A3FE73BF21CBC0E900A9A3FD /* Info.plist */,
			);
			path = Support;
			sourceTree = "<group>";
		};
		ABBDC07DAC1ED4681841C0F9 /* Frameworks */ = {
			isa = PBXGroup;
			children = (
				379BFF04581F898C39A24746 /* libPods-wechat.a */,
			);
			name = Frameworks;
			sourceTree = "<group>";
		};
		F5C0195021D9BA7100F2CE67 /* Resources */ = {
			isa = PBXGroup;
			children = (
			);
			path = Resources;
			sourceTree = "<group>";
		};
		F5C0196121D9BB2D00F2CE67 /* Classes */ = {
			isa = PBXGroup;
			children = (
				F5C0196221D9BB2D00F2CE67 /* MainPage */,
				F5C0196921D9BB2D00F2CE67 /* Model */,
			);
			path = Classes;
			sourceTree = "<group>";
		};
		F5C0196221D9BB2D00F2CE67 /* MainPage */ = {
			isa = PBXGroup;
			children = (
				F5C0196621D9BB2D00F2CE67 /* QPersonModel.h */,
				F5C0196321D9BB2D00F2CE67 /* QPersonModel.m */,
				F5C0196821D9BB2D00F2CE67 /* QStudentModel.h */,
				F5C0196521D9BB2D00F2CE67 /* QStudentModel.m */,
				A3502ED521DE2FD800D09713 /* QTeacherModel.h */,
				A3502ED621DE2FD800D09713 /* QTeacherModel.m */,
				F5C0196721D9BB2D00F2CE67 /* wechatMainPageViewController.h */,
				F5C0196421D9BB2D00F2CE67 /* wechatMainPageViewController.m */,
			);
			path = MainPage;
			sourceTree = "<group>";
		};
		F5C0196921D9BB2D00F2CE67 /* Model */ = {
			isa = PBXGroup;
			children = (
				F5C0196A21D9BB2D00F2CE67 /* ORM */,
			);
			path = Model;
			sourceTree = "<group>";
		};
		F5C0196A21D9BB2D00F2CE67 /* ORM */ = {
			isa = PBXGroup;
			children = (
				F5C0197A21D9BB2D00F2CE67 /* QORMModel.h */,
				F5C0198021D9BB2D00F2CE67 /* QORMModel.m */,
				F5C0197F21D9BB2D00F2CE67 /* QORMManager.h */,
				F5C0197B21D9BB2D00F2CE67 /* QORMManager.m */,
				F5C0196B21D9BB2D00F2CE67 /* Core */,
				F5C0197C21D9BB2D00F2CE67 /* Helper */,
			);
			path = ORM;
			sourceTree = "<group>";
		};
		F5C0196B21D9BB2D00F2CE67 /* Core */ = {
			isa = PBXGroup;
			children = (
				F5C0197621D9BB2D00F2CE67 /* QORMProperty.h */,
				F5C0197021D9BB2D00F2CE67 /* QORMProperty.m */,
				F5C0196C21D9BB2D00F2CE67 /* QORMPropertyParser.h */,
				F5C0197421D9BB2D00F2CE67 /* QORMPropertyParser.m */,
				F5C0196D21D9BB2D00F2CE67 /* QORMTableHelper.h */,
				F5C0197321D9BB2D00F2CE67 /* QORMTableHelper.m */,
				F5C0197921D9BB2D00F2CE67 /* QORMTableCreater.h */,
				F5C0197121D9BB2D00F2CE67 /* QORMTableCreater.m */,
				F5C0197821D9BB2D00F2CE67 /* QORMTableInserter.h */,
				F5C0197221D9BB2D00F2CE67 /* QORMTableInserter.m */,
				F5C0197721D9BB2D00F2CE67 /* QORMTableUpdater.h */,
				F5C0196E21D9BB2D00F2CE67 /* QORMTableUpdater.m */,
				F5C0197521D9BB2D00F2CE67 /* QORMTableDeleter.h */,
				F5C0196F21D9BB2D00F2CE67 /* QORMTableDeleter.m */,
				A3502EA221DCA6A300D09713 /* QORMTableSearcher.h */,
				A3502EA321DCA6A300D09713 /* QORMTableSearcher.m */,
				A3502E9621DC664A00D09713 /* QORMHelper.h */,
				A3502E9721DC664A00D09713 /* QORMHelper.m */,
			);
			path = Core;
			sourceTree = "<group>";
		};
		F5C0197C21D9BB2D00F2CE67 /* Helper */ = {
			isa = PBXGroup;
			children = (
				F5C0197E21D9BB2D00F2CE67 /* QFileHandler.h */,
				F5C0197D21D9BB2D00F2CE67 /* QFileHandler.m */,
				A3502E9321DC656A00D09713 /* QORMNumberFormatter.h */,
				A3502E9421DC656A00D09713 /* QORMNumberFormatter.m */,
				A3502E9921DC67B400D09713 /* QORMDateFormatter.h */,
				A3502E9A21DC67B400D09713 /* QORMDateFormatter.m */,
			);
			path = Helper;
			sourceTree = "<group>";
		};
/* End PBXGroup section */

/* Begin PBXNativeTarget section */
		A3FE739F21CBC07400A9A3FD /* wechat */ = {
			isa = PBXNativeTarget;
			buildConfigurationList = A3FE73B621CBC07500A9A3FD /* Build configuration list for PBXNativeTarget "wechat" */;
			buildPhases = (
				2A14BCC0F0E897D76BC4489E /* [CP] Check Pods Manifest.lock */,
				A3FE739C21CBC07400A9A3FD /* Sources */,
				A3FE739D21CBC07400A9A3FD /* Frameworks */,
				A3FE739E21CBC07400A9A3FD /* Resources */,
			);
			buildRules = (
			);
			dependencies = (
			);
			name = wechat;
			productName = wechat;
			productReference = A3FE73A021CBC07400A9A3FD /* wechat.app */;
			productType = "com.apple.product-type.application";
		};
/* End PBXNativeTarget section */

/* Begin PBXProject section */
		A3FE739821CBC07400A9A3FD /* Project object */ = {
			isa = PBXProject;
			attributes = {
				LastUpgradeCheck = 1010;
				ORGANIZATIONNAME = Tencent;
				TargetAttributes = {
					A3FE739F21CBC07400A9A3FD = {
						CreatedOnToolsVersion = 10.1;
					};
				};
			};
			buildConfigurationList = A3FE739B21CBC07400A9A3FD /* Build configuration list for PBXProject "wechat" */;
			compatibilityVersion = "Xcode 9.3";
			developmentRegion = en;
			hasScannedForEncodings = 0;
			knownRegions = (
				en,
				Base,
			);
			mainGroup = A3FE739721CBC07400A9A3FD;
			productRefGroup = A3FE73A121CBC07400A9A3FD /* Products */;
			projectDirPath = "";
			projectRoot = "";
			targets = (
				A3FE739F21CBC07400A9A3FD /* wechat */,
			);
		};
/* End PBXProject section */

/* Begin PBXResourcesBuildPhase section */
		A3FE739E21CBC07400A9A3FD /* Resources */ = {
			isa = PBXResourcesBuildPhase;
			buildActionMask = 2147483647;
			files = (
				A3FE73AD21CBC07500A9A3FD /* Assets.xcassets in Resources */,
			);
			runOnlyForDeploymentPostprocessing = 0;
		};
/* End PBXResourcesBuildPhase section */

/* Begin PBXShellScriptBuildPhase section */
		2A14BCC0F0E897D76BC4489E /* [CP] Check Pods Manifest.lock */ = {
			isa = PBXShellScriptBuildPhase;
			buildActionMask = 2147483647;
			files = (
			);
			inputFileListPaths = (
			);
			inputPaths = (
				"${PODS_PODFILE_DIR_PATH}/Podfile.lock",
				"${PODS_ROOT}/Manifest.lock",
			);
			name = "[CP] Check Pods Manifest.lock";
			outputFileListPaths = (
			);
			outputPaths = (
				"$(DERIVED_FILE_DIR)/Pods-wechat-checkManifestLockResult.txt",
			);
			runOnlyForDeploymentPostprocessing = 0;
			shellPath = /bin/sh;
			shellScript = "diff \"${PODS_PODFILE_DIR_PATH}/Podfile.lock\" \"${PODS_ROOT}/Manifest.lock\" > /dev/null\nif [ $? != 0 ] ; then\n    # print error to STDERR\n    echo \"error: The sandbox is not in sync with the Podfile.lock. Run 'pod install' or update your CocoaPods installation.\" >&2\n    exit 1\nfi\n# This output is used by Xcode 'outputs' to avoid re-running this script phase.\necho \"SUCCESS\" > \"${SCRIPT_OUTPUT_FILE_0}\"\n";
			showEnvVarsInLog = 0;
		};
/* End PBXShellScriptBuildPhase section */

/* Begin PBXSourcesBuildPhase section */
		A3FE739C21CBC07400A9A3FD /* Sources */ = {
			isa = PBXSourcesBuildPhase;
			buildActionMask = 2147483647;
			files = (
				F5C0198521D9BB2D00F2CE67 /* QORMTableDeleter.m in Sources */,
				F5C0198821D9BB2D00F2CE67 /* QORMTableInserter.m in Sources */,
				A3FE73C121CBC0E900A9A3FD /* wechatAppDelegate.m in Sources */,
				F5C0198421D9BB2D00F2CE67 /* QORMTableUpdater.m in Sources */,
				A3502ED721DE2FD800D09713 /* QTeacherModel.m in Sources */,
				F5C0198A21D9BB2D00F2CE67 /* QORMPropertyParser.m in Sources */,
				A3502EA421DCA6A400D09713 /* QORMTableSearcher.m in Sources */,
				A3FE73C021CBC0E900A9A3FD /* main.m in Sources */,
				F5C0198721D9BB2D00F2CE67 /* QORMTableCreater.m in Sources */,
				F5C0198321D9BB2D00F2CE67 /* QStudentModel.m in Sources */,
				A3502E9821DC664A00D09713 /* QORMHelper.m in Sources */,
				F5C0198C21D9BB2D00F2CE67 /* QFileHandler.m in Sources */,
				F5C0198D21D9BB2D00F2CE67 /* QORMModel.m in Sources */,
				F5C0198621D9BB2D00F2CE67 /* QORMProperty.m in Sources */,
				F5C0198221D9BB2D00F2CE67 /* wechatMainPageViewController.m in Sources */,
				A3502E9B21DC67B400D09713 /* QORMDateFormatter.m in Sources */,
				A3502E9521DC656A00D09713 /* QORMNumberFormatter.m in Sources */,
				F5C0198921D9BB2D00F2CE67 /* QORMTableHelper.m in Sources */,
				F5C0198B21D9BB2D00F2CE67 /* QORMManager.m in Sources */,
				F5C0198121D9BB2D00F2CE67 /* QPersonModel.m in Sources */,
			);
			runOnlyForDeploymentPostprocessing = 0;
		};
/* End PBXSourcesBuildPhase section */

/* Begin XCBuildConfiguration section */
		A3FE73B421CBC07500A9A3FD /* Debug */ = {
			isa = XCBuildConfiguration;
			buildSettings = {
				ALWAYS_SEARCH_USER_PATHS = NO;
				CLANG_ANALYZER_NONNULL = YES;
				CLANG_ANALYZER_NUMBER_OBJECT_CONVERSION = YES_AGGRESSIVE;
				CLANG_CXX_LANGUAGE_STANDARD = "gnu++14";
				CLANG_CXX_LIBRARY = "libc++";
				CLANG_ENABLE_MODULES = YES;
				CLANG_ENABLE_OBJC_ARC = YES;
				CLANG_ENABLE_OBJC_WEAK = YES;
				CLANG_WARN_BLOCK_CAPTURE_AUTORELEASING = YES;
				CLANG_WARN_BOOL_CONVERSION = YES;
				CLANG_WARN_COMMA = YES;
				CLANG_WARN_CONSTANT_CONVERSION = YES;
				CLANG_WARN_DEPRECATED_OBJC_IMPLEMENTATIONS = YES;
				CLANG_WARN_DIRECT_OBJC_ISA_USAGE = YES_ERROR;
				CLANG_WARN_DOCUMENTATION_COMMENTS = YES;
				CLANG_WARN_EMPTY_BODY = YES;
				CLANG_WARN_ENUM_CONVERSION = YES;
				CLANG_WARN_INFINITE_RECURSION = YES;
				CLANG_WARN_INT_CONVERSION = YES;
				CLANG_WARN_NON_LITERAL_NULL_CONVERSION = YES;
				CLANG_WARN_OBJC_IMPLICIT_RETAIN_SELF = YES;
				CLANG_WARN_OBJC_LITERAL_CONVERSION = YES;
				CLANG_WARN_OBJC_ROOT_CLASS = YES_ERROR;
				CLANG_WARN_RANGE_LOOP_ANALYSIS = YES;
				CLANG_WARN_STRICT_PROTOTYPES = YES;
				CLANG_WARN_SUSPICIOUS_MOVE = YES;
				CLANG_WARN_UNGUARDED_AVAILABILITY = YES_AGGRESSIVE;
				CLANG_WARN_UNREACHABLE_CODE = YES;
				CLANG_WARN__DUPLICATE_METHOD_MATCH = YES;
				CODE_SIGN_IDENTITY = "iPhone Developer";
				COPY_PHASE_STRIP = NO;
				DEBUG_INFORMATION_FORMAT = dwarf;
				ENABLE_STRICT_OBJC_MSGSEND = YES;
				ENABLE_TESTABILITY = YES;
				GCC_C_LANGUAGE_STANDARD = gnu11;
				GCC_DYNAMIC_NO_PIC = NO;
				GCC_NO_COMMON_BLOCKS = YES;
				GCC_OPTIMIZATION_LEVEL = 0;
				GCC_PREPROCESSOR_DEFINITIONS = (
					"DEBUG=1",
					"$(inherited)",
				);
				GCC_WARN_64_TO_32_BIT_CONVERSION = YES;
				GCC_WARN_ABOUT_RETURN_TYPE = YES_ERROR;
				GCC_WARN_UNDECLARED_SELECTOR = YES;
				GCC_WARN_UNINITIALIZED_AUTOS = YES_AGGRESSIVE;
				GCC_WARN_UNUSED_FUNCTION = YES;
				GCC_WARN_UNUSED_VARIABLE = YES;
				IPHONEOS_DEPLOYMENT_TARGET = 12.1;
				MTL_ENABLE_DEBUG_INFO = INCLUDE_SOURCE;
				MTL_FAST_MATH = YES;
				ONLY_ACTIVE_ARCH = YES;
				SDKROOT = iphoneos;
			};
			name = Debug;
		};
		A3FE73B521CBC07500A9A3FD /* Release */ = {
			isa = XCBuildConfiguration;
			buildSettings = {
				ALWAYS_SEARCH_USER_PATHS = NO;
				CLANG_ANALYZER_NONNULL = YES;
				CLANG_ANALYZER_NUMBER_OBJECT_CONVERSION = YES_AGGRESSIVE;
				CLANG_CXX_LANGUAGE_STANDARD = "gnu++14";
				CLANG_CXX_LIBRARY = "libc++";
				CLANG_ENABLE_MODULES = YES;
				CLANG_ENABLE_OBJC_ARC = YES;
				CLANG_ENABLE_OBJC_WEAK = YES;
				CLANG_WARN_BLOCK_CAPTURE_AUTORELEASING = YES;
				CLANG_WARN_BOOL_CONVERSION = YES;
				CLANG_WARN_COMMA = YES;
				CLANG_WARN_CONSTANT_CONVERSION = YES;
				CLANG_WARN_DEPRECATED_OBJC_IMPLEMENTATIONS = YES;
				CLANG_WARN_DIRECT_OBJC_ISA_USAGE = YES_ERROR;
				CLANG_WARN_DOCUMENTATION_COMMENTS = YES;
				CLANG_WARN_EMPTY_BODY = YES;
				CLANG_WARN_ENUM_CONVERSION = YES;
				CLANG_WARN_INFINITE_RECURSION = YES;
				CLANG_WARN_INT_CONVERSION = YES;
				CLANG_WARN_NON_LITERAL_NULL_CONVERSION = YES;
				CLANG_WARN_OBJC_IMPLICIT_RETAIN_SELF = YES;
				CLANG_WARN_OBJC_LITERAL_CONVERSION = YES;
				CLANG_WARN_OBJC_ROOT_CLASS = YES_ERROR;
				CLANG_WARN_RANGE_LOOP_ANALYSIS = YES;
				CLANG_WARN_STRICT_PROTOTYPES = YES;
				CLANG_WARN_SUSPICIOUS_MOVE = YES;
				CLANG_WARN_UNGUARDED_AVAILABILITY = YES_AGGRESSIVE;
				CLANG_WARN_UNREACHABLE_CODE = YES;
				CLANG_WARN__DUPLICATE_METHOD_MATCH = YES;
				CODE_SIGN_IDENTITY = "iPhone Developer";
				COPY_PHASE_STRIP = NO;
				DEBUG_INFORMATION_FORMAT = "dwarf-with-dsym";
				ENABLE_NS_ASSERTIONS = NO;
				ENABLE_STRICT_OBJC_MSGSEND = YES;
				GCC_C_LANGUAGE_STANDARD = gnu11;
				GCC_NO_COMMON_BLOCKS = YES;
				GCC_WARN_64_TO_32_BIT_CONVERSION = YES;
				GCC_WARN_ABOUT_RETURN_TYPE = YES_ERROR;
				GCC_WARN_UNDECLARED_SELECTOR = YES;
				GCC_WARN_UNINITIALIZED_AUTOS = YES_AGGRESSIVE;
				GCC_WARN_UNUSED_FUNCTION = YES;
				GCC_WARN_UNUSED_VARIABLE = YES;
				IPHONEOS_DEPLOYMENT_TARGET = 12.1;
				MTL_ENABLE_DEBUG_INFO = NO;
				MTL_FAST_MATH = YES;
				SDKROOT = iphoneos;
				VALIDATE_PRODUCT = YES;
			};
			name = Release;
		};
		A3FE73B721CBC07500A9A3FD /* Debug */ = {
			isa = XCBuildConfiguration;
			baseConfigurationReference = 838D272C9196334E0B69063F /* Pods-wechat.debug.xcconfig */;
			buildSettings = {
				ASSETCATALOG_COMPILER_APPICON_NAME = AppIcon;
				ASSETCATALOG_COMPILER_LAUNCHIMAGE_NAME = LaunchImage;
				CODE_SIGN_STYLE = Automatic;
				DEVELOPMENT_TEAM = 3HKMYZ3FVU;
				INFOPLIST_FILE = wechat/Support/Info.plist;
				IPHONEOS_DEPLOYMENT_TARGET = 9.0;
				LD_RUNPATH_SEARCH_PATHS = (
					"$(inherited)",
					"@executable_path/Frameworks",
				);
				PRODUCT_BUNDLE_IDENTIFIER = com.tencent.prince.wechat;
				PRODUCT_NAME = "$(TARGET_NAME)";
				TARGETED_DEVICE_FAMILY = 1;
			};
			name = Debug;
		};
		A3FE73B821CBC07500A9A3FD /* Release */ = {
			isa = XCBuildConfiguration;
			baseConfigurationReference = 767B5CE2342D1962A677E459 /* Pods-wechat.release.xcconfig */;
			buildSettings = {
				ASSETCATALOG_COMPILER_APPICON_NAME = AppIcon;
				ASSETCATALOG_COMPILER_LAUNCHIMAGE_NAME = LaunchImage;
				CODE_SIGN_STYLE = Automatic;
				DEVELOPMENT_TEAM = 3HKMYZ3FVU;
				INFOPLIST_FILE = wechat/Support/Info.plist;
				IPHONEOS_DEPLOYMENT_TARGET = 9.0;
				LD_RUNPATH_SEARCH_PATHS = (
					"$(inherited)",
					"@executable_path/Frameworks",
				);
				PRODUCT_BUNDLE_IDENTIFIER = com.tencent.prince.wechat;
				PRODUCT_NAME = "$(TARGET_NAME)";
				TARGETED_DEVICE_FAMILY = 1;
			};
			name = Release;
		};
/* End XCBuildConfiguration section */

/* Begin XCConfigurationList section */
		A3FE739B21CBC07400A9A3FD /* Build configuration list for PBXProject "wechat" */ = {
			isa = XCConfigurationList;
			buildConfigurations = (
				A3FE73B421CBC07500A9A3FD /* Debug */,
				A3FE73B521CBC07500A9A3FD /* Release */,
			);
			defaultConfigurationIsVisible = 0;
			defaultConfigurationName = Release;
		};
		A3FE73B621CBC07500A9A3FD /* Build configuration list for PBXNativeTarget "wechat" */ = {
			isa = XCConfigurationList;
			buildConfigurations = (
				A3FE73B721CBC07500A9A3FD /* Debug */,
				A3FE73B821CBC07500A9A3FD /* Release */,
			);
			defaultConfigurationIsVisible = 0;
			defaultConfigurationName = Release;
		};
/* End XCConfigurationList section */
	};
	rootObject = A3FE739821CBC07400A9A3FD /* Project object */;
}
